{
  "name": "random-str-msg-gsm-rts-modnar",
  "version": "1.0.0",
  "lockfileVersion": 2,
  "requires": true,
  "packages": {
    "": {
      "name": "random-str-msg-gsm-rts-modnar",
      "version": "1.0.0",
      "license": "MIT",
      "bin": {
        "random-str-msg": "bin/global.js"
      }
    }
  }
}
